
Microsoft Visual Studio Solution File, Format Version 12.00
# Visual Studio Version 16
VisualStudioVersion = 16.0.30204.135
MinimumVisualStudioVersion = 10.0.40219.1
Project("{FAE04EC0-301F-11D3-BF4B-00C04F79EFBC}") = "WPF_ChromaScenePlayer", "WPF_ChromaScenePlayer.csproj", "{1F06D43B-EEAE-48AD-B53D-FD43BC634A75}"
	ProjectSection(ProjectDependencies) = postProject
		{CA221EA0-C52F-4A6F-A76C-F2B04F4105F7} = {CA221EA0-C52F-4A6F-A76C-F2B04F4105F7}
	EndProjectSection
EndProject
Project("{8BC9CEB8-8B4A-11D0-8D11-00A0C91BC942}") = "DLL_ChromaScenePlayer", "DLL_ChromaScenePlayer\DLL_ChromaScenePlayer.vcxproj", "{CA221EA0-C52F-4A6F-A76C-F2B04F4105F7}"
EndProject
Global
	GlobalSection(SolutionConfigurationPlatforms) = preSolution
		Debug|Any CPU = Debug|Any CPU
		Debug|x64 = Debug|x64
		Debug|x86 = Debug|x86
		Release|Any CPU = Release|Any CPU
		Release|x64 = Release|x64
		Release|x86 = Release|x86
	EndGlobalSection
	GlobalSection(ProjectConfigurationPlatforms) = postSolution
		{1F06D43B-EEAE-48AD-B53D-FD43BC634A75}.Debug|Any CPU.ActiveCfg = Debug|Any CPU
		{1F06D43B-EEAE-48AD-B53D-FD43BC634A75}.Debug|Any CPU.Build.0 = Debug|Any CPU
		{1F06D43B-EEAE-48AD-B53D-FD43BC634A75}.Debug|x64.ActiveCfg = Debug|Any CPU
		{1F06D43B-EEAE-48AD-B53D-FD43BC634A75}.Debug|x64.Build.0 = Debug|Any CPU
		{1F06D43B-EEAE-48AD-B53D-FD43BC634A75}.Debug|x86.ActiveCfg = Debug|Any CPU
		{1F06D43B-EEAE-48AD-B53D-FD43BC634A75}.Debug|x86.Build.0 = Debug|Any CPU
		{1F06D43B-EEAE-48AD-B53D-FD43BC634A75}.Release|Any CPU.ActiveCfg = Release|Any CPU
		{1F06D43B-EEAE-48AD-B53D-FD43BC634A75}.Release|Any CPU.Build.0 = Release|Any CPU
		{1F06D43B-EEAE-48AD-B53D-FD43BC634A75}.Release|x64.ActiveCfg = Release|Any CPU
		{1F06D43B-EEAE-48AD-B53D-FD43BC634A75}.Release|x64.Build.0 = Release|Any CPU
		{1F06D43B-EEAE-48AD-B53D-FD43BC634A75}.Release|x86.ActiveCfg = Release|Any CPU
		{1F06D43B-EEAE-48AD-B53D-FD43BC634A75}.Release|x86.Build.0 = Release|Any CPU
		{CA221EA0-C52F-4A6F-A76C-F2B04F4105F7}.Debug|Any CPU.ActiveCfg = Debug|Win32
		{CA221EA0-C52F-4A6F-A76C-F2B04F4105F7}.Debug|x64.ActiveCfg = Debug|x64
		{CA221EA0-C52F-4A6F-A76C-F2B04F4105F7}.Debug|x64.Build.0 = Debug|x64
		{CA221EA0-C52F-4A6F-A76C-F2B04F4105F7}.Debug|x86.ActiveCfg = Debug|Win32
		{CA221EA0-C52F-4A6F-A76C-F2B04F4105F7}.Debug|x86.Build.0 = Debug|Win32
		{CA221EA0-C52F-4A6F-A76C-F2B04F4105F7}.Release|Any CPU.ActiveCfg = Release|Win32
		{CA221EA0-C52F-4A6F-A76C-F2B04F4105F7}.Release|x64.ActiveCfg = Release|x64
		{CA221EA0-C52F-4A6F-A76C-F2B04F4105F7}.Release|x64.Build.0 = Release|x64
		{CA221EA0-C52F-4A6F-A76C-F2B04F4105F7}.Release|x86.ActiveCfg = Release|Win32
		{CA221EA0-C52F-4A6F-A76C-F2B04F4105F7}.Release|x86.Build.0 = Release|Win32
	EndGlobalSection
	GlobalSection(SolutionProperties) = preSolution
		HideSolutionNode = FALSE
	EndGlobalSection
	GlobalSection(ExtensibilityGlobals) = postSolution
		SolutionGuid = {A253D827-6039-422D-ACC5-2D597270D901}
	EndGlobalSection
EndGlobal
